// !$*UTF8*$!
{
	archiveVersion = 1;
	classes = {
	};
	objectVersion = 46;
	objects = {

/* Begin PBXBuildFile section */
		DED051521D287EE600B02DCE /* SharedDebuggerInstance.swift in Sources */ = {isa = PBXBuildFile; fileRef = DED051511D287EE600B02DCE /* SharedDebuggerInstance.swift */; };
		DED051541D287F2100B02DCE /* DebuggerTextHandler.swift in Sources */ = {isa = PBXBuildFile; fileRef = DED051531D287F2100B02DCE /* DebuggerTextHandler.swift */; };
		DED051561D28830A00B02DCE /* DebuggerStrings.swift in Sources */ = {isa = PBXBuildFile; fileRef = DED051551D28830A00B02DCE /* DebuggerStrings.swift */; };
		DED051581D28855700B02DCE /* topViewController.swift in Sources */ = {isa = PBXBuildFile; fileRef = DED051571D28855700B02DCE /* topViewController.swift */; };
		DED0515A1D2B2B9F00B02DCE /* CentralDetailView.swift in Sources */ = {isa = PBXBuildFile; fileRef = DED051591D2B2B9F00B02DCE /* CentralDetailView.swift */; };
		DED0515C1D2B2BCD00B02DCE /* CentralDetailView.xib in Resources */ = {isa = PBXBuildFile; fileRef = DED0515B1D2B2BCD00B02DCE /* CentralDetailView.xib */; };
		DED8E7621D15EA6300C307A5 /* AppDelegate.swift in Sources */ = {isa = PBXBuildFile; fileRef = DED8E7611D15EA6300C307A5 /* AppDelegate.swift */; };
		DED8E7671D15EA6300C307A5 /* Main.storyboard in Resources */ = {isa = PBXBuildFile; fileRef = DED8E7651D15EA6300C307A5 /* Main.storyboard */; };
		DED8E7691D15EA6300C307A5 /* Assets.xcassets in Resources */ = {isa = PBXBuildFile; fileRef = DED8E7681D15EA6300C307A5 /* Assets.xcassets */; };
		DED8E76C1D15EA6300C307A5 /* LaunchScreen.storyboard in Resources */ = {isa = PBXBuildFile; fileRef = DED8E76A1D15EA6300C307A5 /* LaunchScreen.storyboard */; };
		DED8E7771D15EA6300C307A5 /* Bluetooth_DebuggerTests.swift in Sources */ = {isa = PBXBuildFile; fileRef = DED8E7761D15EA6300C307A5 /* Bluetooth_DebuggerTests.swift */; };
		DED8E7821D15EA6300C307A5 /* Bluetooth_DebuggerUITests.swift in Sources */ = {isa = PBXBuildFile; fileRef = DED8E7811D15EA6300C307A5 /* Bluetooth_DebuggerUITests.swift */; };
		DED8E7921D160CBA00C307A5 /* SplitScreenViewController.swift in Sources */ = {isa = PBXBuildFile; fileRef = DED8E7911D160CBA00C307A5 /* SplitScreenViewController.swift */; };
		DED8E7961D177B9000C307A5 /* CentralViewController.swift in Sources */ = {isa = PBXBuildFile; fileRef = DED8E7951D177B9000C307A5 /* CentralViewController.swift */; };
		DED8E79A1D17B01000C307A5 /* bottomViewController.swift in Sources */ = {isa = PBXBuildFile; fileRef = DED8E7991D17B01000C307A5 /* bottomViewController.swift */; };
		DED8E79E1D17D34100C307A5 /* BLEPeripheral.swift in Sources */ = {isa = PBXBuildFile; fileRef = DED8E79D1D17D34100C307A5 /* BLEPeripheral.swift */; };
		DED8E7A01D17D34A00C307A5 /* BLECentral.swift in Sources */ = {isa = PBXBuildFile; fileRef = DED8E79F1D17D34A00C307A5 /* BLECentral.swift */; };
		DED8E7B81D17D79E00C307A5 /* PeripheralViewController.swift in Sources */ = {isa = PBXBuildFile; fileRef = DED8E7B71D17D79E00C307A5 /* PeripheralViewController.swift */; };
		DED8E7BC1D17E00400C307A5 /* CentralView.xib in Resources */ = {isa = PBXBuildFile; fileRef = DED8E7BB1D17E00400C307A5 /* CentralView.xib */; };
		DED8E7BE1D17E01300C307A5 /* PeripheralView.xib in Resources */ = {isa = PBXBuildFile; fileRef = DED8E7BD1D17E01300C307A5 /* PeripheralView.xib */; };
/* End PBXBuildFile section */

/* Begin PBXContainerItemProxy section */
		DED8E7731D15EA6300C307A5 /* PBXContainerItemProxy */ = {
			isa = PBXContainerItemProxy;
			containerPortal = DED8E7561D15EA6300C307A5 /* Project object */;
			proxyType = 1;
			remoteGlobalIDString = DED8E75D1D15EA6300C307A5;
			remoteInfo = "Bluetooth Debugger";
		};
		DED8E77E1D15EA6300C307A5 /* PBXContainerItemProxy */ = {
			isa = PBXContainerItemProxy;
			containerPortal = DED8E7561D15EA6300C307A5 /* Project object */;
			proxyType = 1;
			remoteGlobalIDString = DED8E75D1D15EA6300C307A5;
			remoteInfo = "Bluetooth Debugger";
		};
/* End PBXContainerItemProxy section */

/* Begin PBXFileReference section */
		DED051511D287EE600B02DCE /* SharedDebuggerInstance.swift */ = {isa = PBXFileReference; fileEncoding = 4; lastKnownFileType = sourcecode.swift; path = SharedDebuggerInstance.swift; sourceTree = "<group>"; };
		DED051531D287F2100B02DCE /* DebuggerTextHandler.swift */ = {isa = PBXFileReference; fileEncoding = 4; lastKnownFileType = sourcecode.swift; path = DebuggerTextHandler.swift; sourceTree = "<group>"; };
		DED051551D28830A00B02DCE /* DebuggerStrings.swift */ = {isa = PBXFileReference; fileEncoding = 4; lastKnownFileType = sourcecode.swift; path = DebuggerStrings.swift; sourceTree = "<group>"; };
		DED051571D28855700B02DCE /* topViewController.swift */ = {isa = PBXFileReference; fileEncoding = 4; lastKnownFileType = sourcecode.swift; path = topViewController.swift; sourceTree = "<group>"; };
		DED051591D2B2B9F00B02DCE /* CentralDetailView.swift */ = {isa = PBXFileReference; fileEncoding = 4; lastKnownFileType = sourcecode.swift; path = CentralDetailView.swift; sourceTree = "<group>"; };
		DED0515B1D2B2BCD00B02DCE /* CentralDetailView.xib */ = {isa = PBXFileReference; fileEncoding = 4; lastKnownFileType = file.xib; name = CentralDetailView.xib; path = ../CentralDetailView.xib; sourceTree = "<group>"; };
		DED8E75E1D15EA6300C307A5 /* Bluetooth Debugger.app */ = {isa = PBXFileReference; explicitFileType = wrapper.application; includeInIndex = 0; path = "Bluetooth Debugger.app"; sourceTree = BUILT_PRODUCTS_DIR; };
		DED8E7611D15EA6300C307A5 /* AppDelegate.swift */ = {isa = PBXFileReference; lastKnownFileType = sourcecode.swift; path = AppDelegate.swift; sourceTree = "<group>"; };
		DED8E7661D15EA6300C307A5 /* Base */ = {isa = PBXFileReference; lastKnownFileType = file.storyboard; name = Base; path = Base.lproj/Main.storyboard; sourceTree = "<group>"; };
		DED8E7681D15EA6300C307A5 /* Assets.xcassets */ = {isa = PBXFileReference; lastKnownFileType = folder.assetcatalog; path = Assets.xcassets; sourceTree = "<group>"; };
		DED8E76B1D15EA6300C307A5 /* Base */ = {isa = PBXFileReference; lastKnownFileType = file.storyboard; name = Base; path = Base.lproj/LaunchScreen.storyboard; sourceTree = "<group>"; };
		DED8E76D1D15EA6300C307A5 /* Info.plist */ = {isa = PBXFileReference; lastKnownFileType = text.plist.xml; path = Info.plist; sourceTree = "<group>"; };
		DED8E7721D15EA6300C307A5 /* Bluetooth DebuggerTests.xctest */ = {isa = PBXFileReference; explicitFileType = wrapper.cfbundle; includeInIndex = 0; path = "Bluetooth DebuggerTests.xctest"; sourceTree = BUILT_PRODUCTS_DIR; };
		DED8E7761D15EA6300C307A5 /* Bluetooth_DebuggerTests.swift */ = {isa = PBXFileReference; lastKnownFileType = sourcecode.swift; path = Bluetooth_DebuggerTests.swift; sourceTree = "<group>"; };
		DED8E7781D15EA6300C307A5 /* Info.plist */ = {isa = PBXFileReference; lastKnownFileType = text.plist.xml; path = Info.plist; sourceTree = "<group>"; };
		DED8E77D1D15EA6300C307A5 /* Bluetooth DebuggerUITests.xctest */ = {isa = PBXFileReference; explicitFileType = wrapper.cfbundle; includeInIndex = 0; path = "Bluetooth DebuggerUITests.xctest"; sourceTree = BUILT_PRODUCTS_DIR; };
		DED8E7811D15EA6300C307A5 /* Bluetooth_DebuggerUITests.swift */ = {isa = PBXFileReference; lastKnownFileType = sourcecode.swift; path = Bluetooth_DebuggerUITests.swift; sourceTree = "<group>"; };
		DED8E7831D15EA6300C307A5 /* Info.plist */ = {isa = PBXFileReference; lastKnownFileType = text.plist.xml; path = Info.plist; sourceTree = "<group>"; };
		DED8E7911D160CBA00C307A5 /* SplitScreenViewController.swift */ = {isa = PBXFileReference; fileEncoding = 4; lastKnownFileType = sourcecode.swift; path = SplitScreenViewController.swift; sourceTree = "<group>"; };
		DED8E7951D177B9000C307A5 /* CentralViewController.swift */ = {isa = PBXFileReference; fileEncoding = 4; lastKnownFileType = sourcecode.swift; path = CentralViewController.swift; sourceTree = "<group>"; };
		DED8E7991D17B01000C307A5 /* bottomViewController.swift */ = {isa = PBXFileReference; fileEncoding = 4; lastKnownFileType = sourcecode.swift; path = bottomViewController.swift; sourceTree = "<group>"; };
		DED8E79D1D17D34100C307A5 /* BLEPeripheral.swift */ = {isa = PBXFileReference; fileEncoding = 4; lastKnownFileType = sourcecode.swift; path = BLEPeripheral.swift; sourceTree = "<group>"; };
		DED8E79F1D17D34A00C307A5 /* BLECentral.swift */ = {isa = PBXFileReference; fileEncoding = 4; lastKnownFileType = sourcecode.swift; path = BLECentral.swift; sourceTree = "<group>"; };
		DED8E7B71D17D79E00C307A5 /* PeripheralViewController.swift */ = {isa = PBXFileReference; fileEncoding = 4; lastKnownFileType = sourcecode.swift; path = PeripheralViewController.swift; sourceTree = "<group>"; };
		DED8E7BB1D17E00400C307A5 /* CentralView.xib */ = {isa = PBXFileReference; fileEncoding = 4; lastKnownFileType = file.xib; path = CentralView.xib; sourceTree = "<group>"; };
		DED8E7BD1D17E01300C307A5 /* PeripheralView.xib */ = {isa = PBXFileReference; fileEncoding = 4; lastKnownFileType = file.xib; path = PeripheralView.xib; sourceTree = "<group>"; };
/* End PBXFileReference section */

/* Begin PBXFrameworksBuildPhase section */
		DED8E75B1D15EA6300C307A5 /* Frameworks */ = {
			isa = PBXFrameworksBuildPhase;
			buildActionMask = 2147483647;
			files = (
			);
			runOnlyForDeploymentPostprocessing = 0;
		};
		DED8E76F1D15EA6300C307A5 /* Frameworks */ = {
			isa = PBXFrameworksBuildPhase;
			buildActionMask = 2147483647;
			files = (
			);
			runOnlyForDeploymentPostprocessing = 0;
		};
		DED8E77A1D15EA6300C307A5 /* Frameworks */ = {
			isa = PBXFrameworksBuildPhase;
			buildActionMask = 2147483647;
			files = (
			);
			runOnlyForDeploymentPostprocessing = 0;
		};
/* End PBXFrameworksBuildPhase section */

/* Begin PBXGroup section */
		DED8E7551D15EA6300C307A5 = {
			isa = PBXGroup;
			children = (
				DED8E7601D15EA6300C307A5 /* Bluetooth Debugger */,
				DED8E7751D15EA6300C307A5 /* Bluetooth DebuggerTests */,
				DED8E7801D15EA6300C307A5 /* Bluetooth DebuggerUITests */,
				DED8E75F1D15EA6300C307A5 /* Products */,
			);
			sourceTree = "<group>";
		};
		DED8E75F1D15EA6300C307A5 /* Products */ = {
			isa = PBXGroup;
			children = (
				DED8E75E1D15EA6300C307A5 /* Bluetooth Debugger.app */,
				DED8E7721D15EA6300C307A5 /* Bluetooth DebuggerTests.xctest */,
				DED8E77D1D15EA6300C307A5 /* Bluetooth DebuggerUITests.xctest */,
			);
			name = Products;
			sourceTree = "<group>";
		};
		DED8E7601D15EA6300C307A5 /* Bluetooth Debugger */ = {
			isa = PBXGroup;
			children = (
				DED8E7611D15EA6300C307A5 /* AppDelegate.swift */,
				DED8E79D1D17D34100C307A5 /* BLEPeripheral.swift */,
				DED8E79F1D17D34A00C307A5 /* BLECentral.swift */,
				DEF6B59C1D35ACDE00C3C459 /* Debugger Text Handling  */,
				DED8E7A91D17D55F00C307A5 /* Views */,
				DEF6B59F1D35B61500C3C459 /* Custom Expandable Cells */,
				DED8E7B61D17D6DC00C307A5 /* XIBs */,
				DED8E7681D15EA6300C307A5 /* Assets.xcassets */,
				DED8E7651D15EA6300C307A5 /* Main.storyboard */,
				DED8E76A1D15EA6300C307A5 /* LaunchScreen.storyboard */,
				DED8E76D1D15EA6300C307A5 /* Info.plist */,
			);
			path = "Bluetooth Debugger";
			sourceTree = "<group>";
		};
		DED8E7751D15EA6300C307A5 /* Bluetooth DebuggerTests */ = {
			isa = PBXGroup;
			children = (
				DED8E7761D15EA6300C307A5 /* Bluetooth_DebuggerTests.swift */,
				DED8E7781D15EA6300C307A5 /* Info.plist */,
			);
			path = "Bluetooth DebuggerTests";
			sourceTree = "<group>";
		};
		DED8E7801D15EA6300C307A5 /* Bluetooth DebuggerUITests */ = {
			isa = PBXGroup;
			children = (
				DED8E7811D15EA6300C307A5 /* Bluetooth_DebuggerUITests.swift */,
				DED8E7831D15EA6300C307A5 /* Info.plist */,
			);
			path = "Bluetooth DebuggerUITests";
			sourceTree = "<group>";
		};
		DED8E7A91D17D55F00C307A5 /* Views */ = {
			isa = PBXGroup;
			children = (
				DED8E7911D160CBA00C307A5 /* SplitScreenViewController.swift */,
				DED051571D28855700B02DCE /* topViewController.swift */,
				DED8E7991D17B01000C307A5 /* bottomViewController.swift */,
				DED8E7951D177B9000C307A5 /* CentralViewController.swift */,
				DED051591D2B2B9F00B02DCE /* CentralDetailView.swift */,
				DED8E7B71D17D79E00C307A5 /* PeripheralViewController.swift */,
			);
			name = Views;
			sourceTree = "<group>";
		};
		DED8E7B61D17D6DC00C307A5 /* XIBs */ = {
			isa = PBXGroup;
			children = (
				DED8E7BD1D17E01300C307A5 /* PeripheralView.xib */,
				DED8E7BB1D17E00400C307A5 /* CentralView.xib */,
				DED0515B1D2B2BCD00B02DCE /* CentralDetailView.xib */,
			);
			name = XIBs;
			sourceTree = "<group>";
		};
		DEF6B59C1D35ACDE00C3C459 /* Debugger Text Handling  */ = {
			isa = PBXGroup;
			children = (
				DED051511D287EE600B02DCE /* SharedDebuggerInstance.swift */,
				DED051531D287F2100B02DCE /* DebuggerTextHandler.swift */,
				DED051551D28830A00B02DCE /* DebuggerStrings.swift */,
			);
			name = "Debugger Text Handling ";
			sourceTree = "<group>";
		};
		DEF6B59F1D35B61500C3C459 /* Custom Expandable Cells */ = {
			isa = PBXGroup;
			children = (
			);
			name = "Custom Expandable Cells";
			sourceTree = "<group>";
		};
/* End PBXGroup section */

/* Begin PBXNativeTarget section */
		DED8E75D1D15EA6300C307A5 /* Bluetooth Debugger */ = {
			isa = PBXNativeTarget;
			buildConfigurationList = DED8E7861D15EA6300C307A5 /* Build configuration list for PBXNativeTarget "Bluetooth Debugger" */;
			buildPhases = (
				DED8E75A1D15EA6300C307A5 /* Sources */,
				DED8E75B1D15EA6300C307A5 /* Frameworks */,
				DED8E75C1D15EA6300C307A5 /* Resources */,
			);
			buildRules = (
			);
			dependencies = (
			);
			name = "Bluetooth Debugger";
			productName = "Bluetooth Debugger";
			productReference = DED8E75E1D15EA6300C307A5 /* Bluetooth Debugger.app */;
			productType = "com.apple.product-type.application";
		};
		DED8E7711D15EA6300C307A5 /* Bluetooth DebuggerTests */ = {
			isa = PBXNativeTarget;
			buildConfigurationList = DED8E7891D15EA6300C307A5 /* Build configuration list for PBXNativeTarget "Bluetooth DebuggerTests" */;
			buildPhases = (
				DED8E76E1D15EA6300C307A5 /* Sources */,
				DED8E76F1D15EA6300C307A5 /* Frameworks */,
				DED8E7701D15EA6300C307A5 /* Resources */,
			);
			buildRules = (
			);
			dependencies = (
				DED8E7741D15EA6300C307A5 /* PBXTargetDependency */,
			);
			name = "Bluetooth DebuggerTests";
			productName = "Bluetooth DebuggerTests";
			productReference = DED8E7721D15EA6300C307A5 /* Bluetooth DebuggerTests.xctest */;
			productType = "com.apple.product-type.bundle.unit-test";
		};
		DED8E77C1D15EA6300C307A5 /* Bluetooth DebuggerUITests */ = {
			isa = PBXNativeTarget;
			buildConfigurationList = DED8E78C1D15EA6300C307A5 /* Build configuration list for PBXNativeTarget "Bluetooth DebuggerUITests" */;
			buildPhases = (
				DED8E7791D15EA6300C307A5 /* Sources */,
				DED8E77A1D15EA6300C307A5 /* Frameworks */,
				DED8E77B1D15EA6300C307A5 /* Resources */,
			);
			buildRules = (
			);
			dependencies = (
				DED8E77F1D15EA6300C307A5 /* PBXTargetDependency */,
			);
			name = "Bluetooth DebuggerUITests";
			productName = "Bluetooth DebuggerUITests";
			productReference = DED8E77D1D15EA6300C307A5 /* Bluetooth DebuggerUITests.xctest */;
			productType = "com.apple.product-type.bundle.ui-testing";
		};
/* End PBXNativeTarget section */

/* Begin PBXProject section */
		DED8E7561D15EA6300C307A5 /* Project object */ = {
			isa = PBXProject;
			attributes = {
				LastSwiftUpdateCheck = 0730;
				LastUpgradeCheck = 0730;
				ORGANIZATIONNAME = "Peter Fetros";
				TargetAttributes = {
					DED8E75D1D15EA6300C307A5 = {
						CreatedOnToolsVersion = 7.3.1;
					};
					DED8E7711D15EA6300C307A5 = {
						CreatedOnToolsVersion = 7.3.1;
						TestTargetID = DED8E75D1D15EA6300C307A5;
					};
					DED8E77C1D15EA6300C307A5 = {
						CreatedOnToolsVersion = 7.3.1;
						TestTargetID = DED8E75D1D15EA6300C307A5;
					};
				};
			};
			buildConfigurationList = DED8E7591D15EA6300C307A5 /* Build configuration list for PBXProject "Bluetooth Debugger" */;
			compatibilityVersion = "Xcode 3.2";
			developmentRegion = English;
			hasScannedForEncodings = 0;
			knownRegions = (
				en,
				Base,
			);
			mainGroup = DED8E7551D15EA6300C307A5;
			productRefGroup = DED8E75F1D15EA6300C307A5 /* Products */;
			projectDirPath = "";
			projectRoot = "";
			targets = (
				DED8E75D1D15EA6300C307A5 /* Bluetooth Debugger */,
				DED8E7711D15EA6300C307A5 /* Bluetooth DebuggerTests */,
				DED8E77C1D15EA6300C307A5 /* Bluetooth DebuggerUITests */,
			);
		};
/* End PBXProject section */

/* Begin PBXResourcesBuildPhase section */
		DED8E75C1D15EA6300C307A5 /* Resources */ = {
			isa = PBXResourcesBuildPhase;
			buildActionMask = 2147483647;
			files = (
				DED8E7BC1D17E00400C307A5 /* CentralView.xib in Resources */,
				DED8E76C1D15EA6300C307A5 /* LaunchScreen.storyboard in Resources */,
				DED8E7691D15EA6300C307A5 /* Assets.xcassets in Resources */,
				DED0515C1D2B2BCD00B02DCE /* CentralDetailView.xib in Resources */,
				DED8E7671D15EA6300C307A5 /* Main.storyboard in Resources */,
				DED8E7BE1D17E01300C307A5 /* PeripheralView.xib in Resources */,
			);
			runOnlyForDeploymentPostprocessing = 0;
		};
		DED8E7701D15EA6300C307A5 /* Resources */ = {
			isa = PBXResourcesBuildPhase;
			buildActionMask = 2147483647;
			files = (
			);
			runOnlyForDeploymentPostprocessing = 0;
		};
		DED8E77B1D15EA6300C307A5 /* Resources */ = {
			isa = PBXResourcesBuildPhase;
			buildActionMask = 2147483647;
			files = (
			);
			runOnlyForDeploymentPostprocessing = 0;
		};
/* End PBXResourcesBuildPhase section */

/* Begin PBXSourcesBuildPhase section */
		DED8E75A1D15EA6300C307A5 /* Sources */ = {
			isa = PBXSourcesBuildPhase;
			buildActionMask = 2147483647;
			files = (
				DED051521D287EE600B02DCE /* SharedDebuggerInstance.swift in Sources */,
				DED0515A1D2B2B9F00B02DCE /* CentralDetailView.swift in Sources */,
				DED8E7921D160CBA00C307A5 /* SplitScreenViewController.swift in Sources */,
				DED8E79A1D17B01000C307A5 /* bottomViewController.swift in Sources */,
				DED051541D287F2100B02DCE /* DebuggerTextHandler.swift in Sources */,
				DED051581D28855700B02DCE /* topViewController.swift in Sources */,
				DED8E7961D177B9000C307A5 /* CentralViewController.swift in Sources */,
				DED051561D28830A00B02DCE /* DebuggerStrings.swift in Sources */,
				DED8E79E1D17D34100C307A5 /* BLEPeripheral.swift in Sources */,
				DED8E7B81D17D79E00C307A5 /* PeripheralViewController.swift in Sources */,
				DED8E7621D15EA6300C307A5 /* AppDelegate.swift in Sources */,
				DED8E7A01D17D34A00C307A5 /* BLECentral.swift in Sources */,
			);
			runOnlyForDeploymentPostprocessing = 0;
		};
		DED8E76E1D15EA6300C307A5 /* Sources */ = {
			isa = PBXSourcesBuildPhase;
			buildActionMask = 2147483647;
			files = (
				DED8E7771D15EA6300C307A5 /* Bluetooth_DebuggerTests.swift in Sources */,
			);
			runOnlyForDeploymentPostprocessing = 0;
		};
		DED8E7791D15EA6300C307A5 /* Sources */ = {
			isa = PBXSourcesBuildPhase;
			buildActionMask = 2147483647;
			files = (
				DED8E7821D15EA6300C307A5 /* Bluetooth_DebuggerUITests.swift in Sources */,
			);
			runOnlyForDeploymentPostprocessing = 0;
		};
/* End PBXSourcesBuildPhase section */

/* Begin PBXTargetDependency section */
		DED8E7741D15EA6300C307A5 /* PBXTargetDependency */ = {
			isa = PBXTargetDependency;
			target = DED8E75D1D15EA6300C307A5 /* Bluetooth Debugger */;
			targetProxy = DED8E7731D15EA6300C307A5 /* PBXContainerItemProxy */;
		};
		DED8E77F1D15EA6300C307A5 /* PBXTargetDependency */ = {
			isa = PBXTargetDependency;
			target = DED8E75D1D15EA6300C307A5 /* Bluetooth Debugger */;
			targetProxy = DED8E77E1D15EA6300C307A5 /* PBXContainerItemProxy */;
		};
/* End PBXTargetDependency section */

/* Begin PBXVariantGroup section */
		DED8E7651D15EA6300C307A5 /* Main.storyboard */ = {
			isa = PBXVariantGroup;
			children = (
				DED8E7661D15EA6300C307A5 /* Base */,
			);
			name = Main.storyboard;
			sourceTree = "<group>";
		};
		DED8E76A1D15EA6300C307A5 /* LaunchScreen.storyboard */ = {
			isa = PBXVariantGroup;
			children = (
				DED8E76B1D15EA6300C307A5 /* Base */,
			);
			name = LaunchScreen.storyboard;
			sourceTree = "<group>";
		};
/* End PBXVariantGroup section */

/* Begin XCBuildConfiguration section */
		DED8E7841D15EA6300C307A5 /* Debug */ = {
			isa = XCBuildConfiguration;
			buildSettings = {
				ALWAYS_SEARCH_USER_PATHS = NO;
				CLANG_ANALYZER_NONNULL = YES;
				CLANG_CXX_LANGUAGE_STANDARD = "gnu++0x";
				CLANG_CXX_LIBRARY = "libc++";
				CLANG_ENABLE_MODULES = YES;
				CLANG_ENABLE_OBJC_ARC = YES;
				CLANG_WARN_BOOL_CONVERSION = YES;
				CLANG_WARN_CONSTANT_CONVERSION = YES;
				CLANG_WARN_DIRECT_OBJC_ISA_USAGE = YES_ERROR;
				CLANG_WARN_EMPTY_BODY = YES;
				CLANG_WARN_ENUM_CONVERSION = YES;
				CLANG_WARN_INT_CONVERSION = YES;
				CLANG_WARN_OBJC_ROOT_CLASS = YES_ERROR;
				CLANG_WARN_UNREACHABLE_CODE = YES;
				CLANG_WARN__DUPLICATE_METHOD_MATCH = YES;
				"CODE_SIGN_IDENTITY[sdk=iphoneos*]" = "iPhone Developer";
				COPY_PHASE_STRIP = NO;
				DEBUG_INFORMATION_FORMAT = dwarf;
				ENABLE_STRICT_OBJC_MSGSEND = YES;
				ENABLE_TESTABILITY = YES;
				GCC_C_LANGUAGE_STANDARD = gnu99;
				GCC_DYNAMIC_NO_PIC = NO;
				GCC_NO_COMMON_BLOCKS = YES;
				GCC_OPTIMIZATION_LEVEL = 0;
				GCC_PREPROCESSOR_DEFINITIONS = (
					"DEBUG=1",
					"$(inherited)",
				);
				GCC_WARN_64_TO_32_BIT_CONVERSION = YES;
				GCC_WARN_ABOUT_RETURN_TYPE = YES_ERROR;
				GCC_WARN_UNDECLARED_SELECTOR = YES;
				GCC_WARN_UNINITIALIZED_AUTOS = YES_AGGRESSIVE;
				GCC_WARN_UNUSED_FUNCTION = YES;
				GCC_WARN_UNUSED_VARIABLE = YES;
				IPHONEOS_DEPLOYMENT_TARGET = 9.3;
				MTL_ENABLE_DEBUG_INFO = YES;
				ONLY_ACTIVE_ARCH = YES;
				SDKROOT = iphoneos;
				SWIFT_OPTIMIZATION_LEVEL = "-Onone";
				TARGETED_DEVICE_FAMILY = "1,2";
			};
			name = Debug;
		};
		DED8E7851D15EA6300C307A5 /* Release */ = {
			isa = XCBuildConfiguration;
			buildSettings = {
				ALWAYS_SEARCH_USER_PATHS = NO;
				CLANG_ANALYZER_NONNULL = YES;
				CLANG_CXX_LANGUAGE_STANDARD = "gnu++0x";
				CLANG_CXX_LIBRARY = "libc++";
				CLANG_ENABLE_MODULES = YES;
				CLANG_ENABLE_OBJC_ARC = YES;
				CLANG_WARN_BOOL_CONVERSION = YES;
				CLANG_WARN_CONSTANT_CONVERSION = YES;
				CLANG_WARN_DIRECT_OBJC_ISA_USAGE = YES_ERROR;
				CLANG_WARN_EMPTY_BODY = YES;
				CLANG_WARN_ENUM_CONVERSION = YES;
				CLANG_WARN_INT_CONVERSION = YES;
				CLANG_WARN_OBJC_ROOT_CLASS = YES_ERROR;
				CLANG_WARN_UNREACHABLE_CODE = YES;
				CLANG_WARN__DUPLICATE_METHOD_MATCH = YES;
				"CODE_SIGN_IDENTITY[sdk=iphoneos*]" = "iPhone Developer";
				COPY_PHASE_STRIP = NO;
				DEBUG_INFORMATION_FORMAT = "dwarf-with-dsym";
				ENABLE_NS_ASSERTIONS = NO;
				ENABLE_STRICT_OBJC_MSGSEND = YES;
				GCC_C_LANGUAGE_STANDARD = gnu99;
				GCC_NO_COMMON_BLOCKS = YES;
				GCC_WARN_64_TO_32_BIT_CONVERSION = YES;
				GCC_WARN_ABOUT_RETURN_TYPE = YES_ERROR;
				GCC_WARN_UNDECLARED_SELECTOR = YES;
				GCC_WARN_UNINITIALIZED_AUTOS = YES_AGGRESSIVE;
				GCC_WARN_UNUSED_FUNCTION = YES;
				GCC_WARN_UNUSED_VARIABLE = YES;
				IPHONEOS_DEPLOYMENT_TARGET = 9.3;
				MTL_ENABLE_DEBUG_INFO = NO;
				SDKROOT = iphoneos;
				TARGETED_DEVICE_FAMILY = "1,2";
				VALIDATE_PRODUCT = YES;
			};
			name = Release;
		};
		DED8E7871D15EA6300C307A5 /* Debug */ = {
			isa = XCBuildConfiguration;
			buildSettings = {
				ASSETCATALOG_COMPILER_APPICON_NAME = AppIcon;
				INFOPLIST_FILE = "Bluetooth Debugger/Info.plist";
				LD_RUNPATH_SEARCH_PATHS = "$(inherited) @executable_path/Frameworks";
				PRODUCT_BUNDLE_IDENTIFIER = "com.pontopete.Bluetooth-Debugger";
				PRODUCT_NAME = "$(TARGET_NAME)";
			};
			name = Debug;
		};
		DED8E7881D15EA6300C307A5 /* Release */ = {
			isa = XCBuildConfiguration;
			buildSettings = {
				ASSETCATALOG_COMPILER_APPICON_NAME = AppIcon;
				INFOPLIST_FILE = "Bluetooth Debugger/Info.plist";
				LD_RUNPATH_SEARCH_PATHS = "$(inherited) @executable_path/Frameworks";
				PRODUCT_BUNDLE_IDENTIFIER = "com.pontopete.Bluetooth-Debugger";
				PRODUCT_NAME = "$(TARGET_NAME)";
			};
			name = Release;
		};
		DED8E78A1D15EA6300C307A5 /* Debug */ = {
			isa = XCBuildConfiguration;
			buildSettings = {
				BUNDLE_LOADER = "$(TEST_HOST)";
				INFOPLIST_FILE = "Bluetooth DebuggerTests/Info.plist";
				LD_RUNPATH_SEARCH_PATHS = "$(inherited) @executable_path/Frameworks @loader_path/Frameworks";
				PRODUCT_BUNDLE_IDENTIFIER = "com.pontopete.Bluetooth-DebuggerTests";
				PRODUCT_NAME = "$(TARGET_NAME)";
				TEST_HOST = "$(BUILT_PRODUCTS_DIR)/Bluetooth Debugger.app/Bluetooth Debugger";
			};
			name = Debug;
		};
		DED8E78B1D15EA6300C307A5 /* Release */ = {
			isa = XCBuildConfiguration;
			buildSettings = {
				BUNDLE_LOADER = "$(TEST_HOST)";
				INFOPLIST_FILE = "Bluetooth DebuggerTests/Info.plist";
				LD_RUNPATH_SEARCH_PATHS = "$(inherited) @executable_path/Frameworks @loader_path/Frameworks";
				PRODUCT_BUNDLE_IDENTIFIER = "com.pontopete.Bluetooth-DebuggerTests";
				PRODUCT_NAME = "$(TARGET_NAME)";
				TEST_HOST = "$(BUILT_PRODUCTS_DIR)/Bluetooth Debugger.app/Bluetooth Debugger";
			};
			name = Release;
		};
		DED8E78D1D15EA6300C307A5 /* Debug */ = {
			isa = XCBuildConfiguration;
			buildSettings = {
				INFOPLIST_FILE = "Bluetooth DebuggerUITests/Info.plist";
				LD_RUNPATH_SEARCH_PATHS = "$(inherited) @executable_path/Frameworks @loader_path/Frameworks";
				PRODUCT_BUNDLE_IDENTIFIER = "com.pontopete.Bluetooth-DebuggerUITests";
				PRODUCT_NAME = "$(TARGET_NAME)";
				TEST_TARGET_NAME = "Bluetooth Debugger";
			};
			name = Debug;
		};
		DED8E78E1D15EA6300C307A5 /* Release */ = {
			isa = XCBuildConfiguration;
			buildSettings = {
				INFOPLIST_FILE = "Bluetooth DebuggerUITests/Info.plist";
				LD_RUNPATH_SEARCH_PATHS = "$(inherited) @executable_path/Frameworks @loader_path/Frameworks";
				PRODUCT_BUNDLE_IDENTIFIER = "com.pontopete.Bluetooth-DebuggerUITests";
				PRODUCT_NAME = "$(TARGET_NAME)";
				TEST_TARGET_NAME = "Bluetooth Debugger";
			};
			name = Release;
		};
/* End XCBuildConfiguration section */

/* Begin XCConfigurationList section */
		DED8E7591D15EA6300C307A5 /* Build configuration list for PBXProject "Bluetooth Debugger" */ = {
			isa = XCConfigurationList;
			buildConfigurations = (
				DED8E7841D15EA6300C307A5 /* Debug */,
				DED8E7851D15EA6300C307A5 /* Release */,
			);
			defaultConfigurationIsVisible = 0;
			defaultConfigurationName = Release;
		};
		DED8E7861D15EA6300C307A5 /* Build configuration list for PBXNativeTarget "Bluetooth Debugger" */ = {
			isa = XCConfigurationList;
			buildConfigurations = (
				DED8E7871D15EA6300C307A5 /* Debug */,
				DED8E7881D15EA6300C307A5 /* Release */,
			);
			defaultConfigurationIsVisible = 0;
			defaultConfigurationName = Release;
		};
		DED8E7891D15EA6300C307A5 /* Build configuration list for PBXNativeTarget "Bluetooth DebuggerTests" */ = {
			isa = XCConfigurationList;
			buildConfigurations = (
				DED8E78A1D15EA6300C307A5 /* Debug */,
				DED8E78B1D15EA6300C307A5 /* Release */,
			);
			defaultConfigurationIsVisible = 0;
			defaultConfigurationName = Release;
		};
		DED8E78C1D15EA6300C307A5 /* Build configuration list for PBXNativeTarget "Bluetooth DebuggerUITests" */ = {
			isa = XCConfigurationList;
			buildConfigurations = (
				DED8E78D1D15EA6300C307A5 /* Debug */,
				DED8E78E1D15EA6300C307A5 /* Release */,
			);
			defaultConfigurationIsVisible = 0;
			defaultConfigurationName = Release;
		};
/* End XCConfigurationList section */
	};
	rootObject = DED8E7561D15EA6300C307A5 /* Project object */;
}
